# This file is automatically @generated by Cargo.
# It is not intended for manual editing.
version = 4

[[package]]
name = "transaction_comparer"
version = "0.0.1"
dependencies = [
 "transaction_parser",
]

[[package]]
name = "transaction_converter"
version = "0.0.1"
dependencies = [
 "transaction_parser",
]

[[package]]
name = "transaction_parser"
version = "0.0.1"
